
Microsoft Visual Studio Solution File, Format Version 12.00
# Visual Studio Version 16
VisualStudioVersion = 16.0.29519.161
MinimumVisualStudioVersion = 10.0.40219.1
Project("{9A19103F-16F7-4668-BE54-9A1E7A4F7556}") = "SFA.DAS.QnA.Config.Preview.Web", "SFA.DAS.QnA.Config.Preview.Web\SFA.DAS.QnA.Config.Preview.Web.csproj", "{26F926F3-A61F-4D51-9E94-D0925E21250B}"
EndProject
Project("{9A19103F-16F7-4668-BE54-9A1E7A4F7556}") = "SFA.DAS.QnA.Config.Preview.Api.Client", "SFA.DAS.QnA.Config.Preview.Api.Client\SFA.DAS.QnA.Config.Preview.Api.Client.csproj", "{02C817D7-9B3D-4BB6-B28D-394B849C56C4}"
EndProject
Project("{9A19103F-16F7-4668-BE54-9A1E7A4F7556}") = "SFA.DAS.QnA.Config.Preview.Settings", "SFA.DAS.QnA.Config.Preview.Settings\SFA.DAS.QnA.Config.Preview.Settings.csproj", "{EFD1BD60-512C-492E-85F2-9148C73095C6}"
EndProject
Project("{9A19103F-16F7-4668-BE54-9A1E7A4F7556}") = "SFA.DAS.QnA.Config.Preview.Types", "SFA.DAS.QnA.Config.Preview.ApplyTypes\SFA.DAS.QnA.Config.Preview.Types.csproj", "{D29AEFBB-857F-4C72-BA0F-CCF23D3A3FFF}"
EndProject
Project("{FAE04EC0-301F-11D3-BF4B-00C04F79EFBC}") = "SFA.DAS.QnA.Config.Preview.Session", "SFA.DAS.QnA.Config.Preview.Session\SFA.DAS.QnA.Config.Preview.Session.csproj", "{991B2CF4-B49C-47FA-9565-C84D27F4C03B}"
EndProject
Global
	GlobalSection(SolutionConfigurationPlatforms) = preSolution
		Debug|Any CPU = Debug|Any CPU
		Release|Any CPU = Release|Any CPU
	EndGlobalSection
	GlobalSection(ProjectConfigurationPlatforms) = postSolution
		{26F926F3-A61F-4D51-9E94-D0925E21250B}.Debug|Any CPU.ActiveCfg = Debug|Any CPU
		{26F926F3-A61F-4D51-9E94-D0925E21250B}.Debug|Any CPU.Build.0 = Debug|Any CPU
		{26F926F3-A61F-4D51-9E94-D0925E21250B}.Release|Any CPU.ActiveCfg = Release|Any CPU
		{26F926F3-A61F-4D51-9E94-D0925E21250B}.Release|Any CPU.Build.0 = Release|Any CPU
		{02C817D7-9B3D-4BB6-B28D-394B849C56C4}.Debug|Any CPU.ActiveCfg = Debug|Any CPU
		{02C817D7-9B3D-4BB6-B28D-394B849C56C4}.Debug|Any CPU.Build.0 = Debug|Any CPU
		{02C817D7-9B3D-4BB6-B28D-394B849C56C4}.Release|Any CPU.ActiveCfg = Release|Any CPU
		{02C817D7-9B3D-4BB6-B28D-394B849C56C4}.Release|Any CPU.Build.0 = Release|Any CPU
		{EFD1BD60-512C-492E-85F2-9148C73095C6}.Debug|Any CPU.ActiveCfg = Debug|Any CPU
		{EFD1BD60-512C-492E-85F2-9148C73095C6}.Debug|Any CPU.Build.0 = Debug|Any CPU
		{EFD1BD60-512C-492E-85F2-9148C73095C6}.Release|Any CPU.ActiveCfg = Release|Any CPU
		{EFD1BD60-512C-492E-85F2-9148C73095C6}.Release|Any CPU.Build.0 = Release|Any CPU
		{D29AEFBB-857F-4C72-BA0F-CCF23D3A3FFF}.Debug|Any CPU.ActiveCfg = Debug|Any CPU
		{D29AEFBB-857F-4C72-BA0F-CCF23D3A3FFF}.Debug|Any CPU.Build.0 = Debug|Any CPU
		{D29AEFBB-857F-4C72-BA0F-CCF23D3A3FFF}.Release|Any CPU.ActiveCfg = Release|Any CPU
		{D29AEFBB-857F-4C72-BA0F-CCF23D3A3FFF}.Release|Any CPU.Build.0 = Release|Any CPU
		{991B2CF4-B49C-47FA-9565-C84D27F4C03B}.Debug|Any CPU.ActiveCfg = Debug|Any CPU
		{991B2CF4-B49C-47FA-9565-C84D27F4C03B}.Debug|Any CPU.Build.0 = Debug|Any CPU
		{991B2CF4-B49C-47FA-9565-C84D27F4C03B}.Release|Any CPU.ActiveCfg = Release|Any CPU
		{991B2CF4-B49C-47FA-9565-C84D27F4C03B}.Release|Any CPU.Build.0 = Release|Any CPU
	EndGlobalSection
	GlobalSection(SolutionProperties) = preSolution
		HideSolutionNode = FALSE
	EndGlobalSection
	GlobalSection(ExtensibilityGlobals) = postSolution
		SolutionGuid = {57F13226-BE1D-4319-9BB4-B56BE8706012}
	EndGlobalSection
EndGlobal
